
Microsoft Visual Studio Solution File, Format Version 11.00
# Visual Studio 2010
Project("{A0786B88-2ADB-4C21-ABE8-AA2D79766269}") = "esig-url-redirect-after-signing", "esig-url-redirect-after-signing.phpproj", "{8401B836-BD08-48CB-A7B2-E5CD51D98BBC}"
EndProject
Global
	GlobalSection(SolutionConfigurationPlatforms) = preSolution
		Debug|Any CPU = Debug|Any CPU
		Release|Any CPU = Release|Any CPU
	EndGlobalSection
	GlobalSection(ProjectConfigurationPlatforms) = postSolution
		{8401B836-BD08-48CB-A7B2-E5CD51D98BBC}.Debug|Any CPU.ActiveCfg = Debug|Any CPU
		{8401B836-BD08-48CB-A7B2-E5CD51D98BBC}.Debug|Any CPU.Build.0 = Debug|Any CPU
		{8401B836-BD08-48CB-A7B2-E5CD51D98BBC}.Release|Any CPU.ActiveCfg = Release|Any CPU
		{8401B836-BD08-48CB-A7B2-E5CD51D98BBC}.Release|Any CPU.Build.0 = Release|Any CPU
	EndGlobalSection
	GlobalSection(SolutionProperties) = preSolution
		HideSolutionNode = FALSE
	EndGlobalSection
EndGlobal
